// !$*UTF8*$!
{
	archiveVersion = 1;
	classes = {
	};
	objectVersion = 56;
	objects = {

/* Begin PBXBuildFile section */
		6B3631BA29C4539000C8B4A5 /* AppDelegate.swift in Sources */ = {isa = PBXBuildFile; fileRef = 6B3631B929C4539000C8B4A5 /* AppDelegate.swift */; };
		6B3631BC29C4539000C8B4A5 /* SceneDelegate.swift in Sources */ = {isa = PBXBuildFile; fileRef = 6B3631BB29C4539000C8B4A5 /* SceneDelegate.swift */; };
		6B3631C129C4539000C8B4A5 /* Main.storyboard in Resources */ = {isa = PBXBuildFile; fileRef = 6B3631BF29C4539000C8B4A5 /* Main.storyboard */; };
		6B3631C329C4539100C8B4A5 /* Assets.xcassets in Resources */ = {isa = PBXBuildFile; fileRef = 6B3631C229C4539100C8B4A5 /* Assets.xcassets */; };
		6B3631C629C4539100C8B4A5 /* LaunchScreen.storyboard in Resources */ = {isa = PBXBuildFile; fileRef = 6B3631C429C4539100C8B4A5 /* LaunchScreen.storyboard */; };
		6B3631D029C4542400C8B4A5 /* NewsTableViewController.swift in Sources */ = {isa = PBXBuildFile; fileRef = 6B3631CF29C4542400C8B4A5 /* NewsTableViewController.swift */; };
		6B3631D329C454B800C8B4A5 /* Article.swift in Sources */ = {isa = PBXBuildFile; fileRef = 6B3631D229C454B800C8B4A5 /* Article.swift */; };
		6B3631D629C454FF00C8B4A5 /* RxCocoa in Frameworks */ = {isa = PBXBuildFile; productRef = 6B3631D529C454FF00C8B4A5 /* RxCocoa */; };
		6B3631D829C454FF00C8B4A5 /* RxRelay in Frameworks */ = {isa = PBXBuildFile; productRef = 6B3631D729C454FF00C8B4A5 /* RxRelay */; };
		6B3631DA29C454FF00C8B4A5 /* RxSwift in Frameworks */ = {isa = PBXBuildFile; productRef = 6B3631D929C454FF00C8B4A5 /* RxSwift */; };
		6B3631DD29C4552600C8B4A5 /* URLRequest+Extension.swift in Sources */ = {isa = PBXBuildFile; fileRef = 6B3631DC29C4552600C8B4A5 /* URLRequest+Extension.swift */; };
		6B3631E029C4565B00C8B4A5 /* ArticleViewModel.swift in Sources */ = {isa = PBXBuildFile; fileRef = 6B3631DF29C4565B00C8B4A5 /* ArticleViewModel.swift */; };
		6B3631E329C4579D00C8B4A5 /* ArticleTableViewCell.swift in Sources */ = {isa = PBXBuildFile; fileRef = 6B3631E229C4579D00C8B4A5 /* ArticleTableViewCell.swift */; };
/* End PBXBuildFile section */

/* Begin PBXFileReference section */
		6B3631B629C4539000C8B4A5 /* QuickNews-Storyboard-MVVM.app */ = {isa = PBXFileReference; explicitFileType = wrapper.application; includeInIndex = 0; path = "QuickNews-Storyboard-MVVM.app"; sourceTree = BUILT_PRODUCTS_DIR; };
		6B3631B929C4539000C8B4A5 /* AppDelegate.swift */ = {isa = PBXFileReference; lastKnownFileType = sourcecode.swift; path = AppDelegate.swift; sourceTree = "<group>"; };
		6B3631BB29C4539000C8B4A5 /* SceneDelegate.swift */ = {isa = PBXFileReference; lastKnownFileType = sourcecode.swift; path = SceneDelegate.swift; sourceTree = "<group>"; };
		6B3631C029C4539000C8B4A5 /* Base */ = {isa = PBXFileReference; lastKnownFileType = file.storyboard; name = Base; path = Base.lproj/Main.storyboard; sourceTree = "<group>"; };
		6B3631C229C4539100C8B4A5 /* Assets.xcassets */ = {isa = PBXFileReference; lastKnownFileType = folder.assetcatalog; path = Assets.xcassets; sourceTree = "<group>"; };
		6B3631C529C4539100C8B4A5 /* Base */ = {isa = PBXFileReference; lastKnownFileType = file.storyboard; name = Base; path = Base.lproj/LaunchScreen.storyboard; sourceTree = "<group>"; };
		6B3631C729C4539100C8B4A5 /* Info.plist */ = {isa = PBXFileReference; lastKnownFileType = text.plist.xml; path = Info.plist; sourceTree = "<group>"; };
		6B3631CF29C4542400C8B4A5 /* NewsTableViewController.swift */ = {isa = PBXFileReference; lastKnownFileType = sourcecode.swift; path = NewsTableViewController.swift; sourceTree = "<group>"; };
		6B3631D229C454B800C8B4A5 /* Article.swift */ = {isa = PBXFileReference; lastKnownFileType = sourcecode.swift; path = Article.swift; sourceTree = "<group>"; };
		6B3631DC29C4552600C8B4A5 /* URLRequest+Extension.swift */ = {isa = PBXFileReference; lastKnownFileType = sourcecode.swift; path = "URLRequest+Extension.swift"; sourceTree = "<group>"; };
		6B3631DF29C4565B00C8B4A5 /* ArticleViewModel.swift */ = {isa = PBXFileReference; lastKnownFileType = sourcecode.swift; path = ArticleViewModel.swift; sourceTree = "<group>"; };
		6B3631E229C4579D00C8B4A5 /* ArticleTableViewCell.swift */ = {isa = PBXFileReference; lastKnownFileType = sourcecode.swift; path = ArticleTableViewCell.swift; sourceTree = "<group>"; };
/* End PBXFileReference section */

/* Begin PBXFrameworksBuildPhase section */
		6B3631B329C4539000C8B4A5 /* Frameworks */ = {
			isa = PBXFrameworksBuildPhase;
			buildActionMask = 2147483647;
			files = (
				6B3631DA29C454FF00C8B4A5 /* RxSwift in Frameworks */,
				6B3631D829C454FF00C8B4A5 /* RxRelay in Frameworks */,
				6B3631D629C454FF00C8B4A5 /* RxCocoa in Frameworks */,
			);
			runOnlyForDeploymentPostprocessing = 0;
		};
/* End PBXFrameworksBuildPhase section */

/* Begin PBXGroup section */
		6B3631AD29C4539000C8B4A5 = {
			isa = PBXGroup;
			children = (
				6B3631B829C4539000C8B4A5 /* QuickNews-Storyboard-MVVM */,
				6B3631B729C4539000C8B4A5 /* Products */,
			);
			sourceTree = "<group>";
		};
		6B3631B729C4539000C8B4A5 /* Products */ = {
			isa = PBXGroup;
			children = (
				6B3631B629C4539000C8B4A5 /* QuickNews-Storyboard-MVVM.app */,
			);
			name = Products;
			sourceTree = "<group>";
		};
		6B3631B829C4539000C8B4A5 /* QuickNews-Storyboard-MVVM */ = {
			isa = PBXGroup;
			children = (
				6B3631E129C4579400C8B4A5 /* Cell */,
				6B3631DE29C4564F00C8B4A5 /* View Model */,
				6B3631DB29C4551C00C8B4A5 /* Extension */,
				6B3631D129C454AD00C8B4A5 /* Model */,
				6B3631CE29C4541B00C8B4A5 /* Controller */,
				6B3631B929C4539000C8B4A5 /* AppDelegate.swift */,
				6B3631BB29C4539000C8B4A5 /* SceneDelegate.swift */,
				6B3631BF29C4539000C8B4A5 /* Main.storyboard */,
				6B3631C229C4539100C8B4A5 /* Assets.xcassets */,
				6B3631C429C4539100C8B4A5 /* LaunchScreen.storyboard */,
				6B3631C729C4539100C8B4A5 /* Info.plist */,
			);
			path = "QuickNews-Storyboard-MVVM";
			sourceTree = "<group>";
		};
		6B3631CE29C4541B00C8B4A5 /* Controller */ = {
			isa = PBXGroup;
			children = (
				6B3631CF29C4542400C8B4A5 /* NewsTableViewController.swift */,
			);
			path = Controller;
			sourceTree = "<group>";
		};
		6B3631D129C454AD00C8B4A5 /* Model */ = {
			isa = PBXGroup;
			children = (
				6B3631D229C454B800C8B4A5 /* Article.swift */,
			);
			path = Model;
			sourceTree = "<group>";
		};
		6B3631DB29C4551C00C8B4A5 /* Extension */ = {
			isa = PBXGroup;
			children = (
				6B3631DC29C4552600C8B4A5 /* URLRequest+Extension.swift */,
			);
			path = Extension;
			sourceTree = "<group>";
		};
		6B3631DE29C4564F00C8B4A5 /* View Model */ = {
			isa = PBXGroup;
			children = (
				6B3631DF29C4565B00C8B4A5 /* ArticleViewModel.swift */,
			);
			path = "View Model";
			sourceTree = "<group>";
		};
		6B3631E129C4579400C8B4A5 /* Cell */ = {
			isa = PBXGroup;
			children = (
				6B3631E229C4579D00C8B4A5 /* ArticleTableViewCell.swift */,
			);
			path = Cell;
			sourceTree = "<group>";
		};
/* End PBXGroup section */

/* Begin PBXNativeTarget section */
		6B3631B529C4539000C8B4A5 /* QuickNews-Storyboard-MVVM */ = {
			isa = PBXNativeTarget;
			buildConfigurationList = 6B3631CA29C4539100C8B4A5 /* Build configuration list for PBXNativeTarget "QuickNews-Storyboard-MVVM" */;
			buildPhases = (
				6B3631CD29C453B700C8B4A5 /* ShellScript */,
				6B3631B229C4539000C8B4A5 /* Sources */,
				6B3631B329C4539000C8B4A5 /* Frameworks */,
				6B3631B429C4539000C8B4A5 /* Resources */,
			);
			buildRules = (
			);
			dependencies = (
			);
			name = "QuickNews-Storyboard-MVVM";
			packageProductDependencies = (
				6B3631D529C454FF00C8B4A5 /* RxCocoa */,
				6B3631D729C454FF00C8B4A5 /* RxRelay */,
				6B3631D929C454FF00C8B4A5 /* RxSwift */,
			);
			productName = "QuickNews-Storyboard-MVVM";
			productReference = 6B3631B629C4539000C8B4A5 /* QuickNews-Storyboard-MVVM.app */;
			productType = "com.apple.product-type.application";
		};
/* End PBXNativeTarget section */

/* Begin PBXProject section */
		6B3631AE29C4539000C8B4A5 /* Project object */ = {
			isa = PBXProject;
			attributes = {
				BuildIndependentTargetsInParallel = 1;
				LastSwiftUpdateCheck = 1420;
				LastUpgradeCheck = 1420;
				TargetAttributes = {
					6B3631B529C4539000C8B4A5 = {
						CreatedOnToolsVersion = 14.2;
					};
				};
			};
			buildConfigurationList = 6B3631B129C4539000C8B4A5 /* Build configuration list for PBXProject "QuickNews-Storyboard-MVVM" */;
			compatibilityVersion = "Xcode 14.0";
			developmentRegion = en;
			hasScannedForEncodings = 0;
			knownRegions = (
				en,
				Base,
			);
			mainGroup = 6B3631AD29C4539000C8B4A5;
			packageReferences = (
				6B3631D429C454FF00C8B4A5 /* XCRemoteSwiftPackageReference "RxSwift" */,
			);
			productRefGroup = 6B3631B729C4539000C8B4A5 /* Products */;
			projectDirPath = "";
			projectRoot = "";
			targets = (
				6B3631B529C4539000C8B4A5 /* QuickNews-Storyboard-MVVM */,
			);
		};
/* End PBXProject section */

/* Begin PBXResourcesBuildPhase section */
		6B3631B429C4539000C8B4A5 /* Resources */ = {
			isa = PBXResourcesBuildPhase;
			buildActionMask = 2147483647;
			files = (
				6B3631C629C4539100C8B4A5 /* LaunchScreen.storyboard in Resources */,
				6B3631C329C4539100C8B4A5 /* Assets.xcassets in Resources */,
				6B3631C129C4539000C8B4A5 /* Main.storyboard in Resources */,
			);
			runOnlyForDeploymentPostprocessing = 0;
		};
/* End PBXResourcesBuildPhase section */

/* Begin PBXShellScriptBuildPhase section */
		6B3631CD29C453B700C8B4A5 /* ShellScript */ = {
			isa = PBXShellScriptBuildPhase;
			alwaysOutOfDate = 1;
			buildActionMask = 2147483647;
			files = (
			);
			inputFileListPaths = (
			);
			inputPaths = (
			);
			outputFileListPaths = (
			);
			outputPaths = (
			);
			runOnlyForDeploymentPostprocessing = 0;
			shellPath = /bin/sh;
			shellScript = "PATH=/opt/homebrew/bin:$PATH\nif [ -f ~/com.raywenderlich.swiftlint.yml ]; then\n  if which swiftlint >/dev/null; then\n    swiftlint --no-cache --config ~/com.raywenderlich.swiftlint.yml\n  fi\nfi\n";
		};
/* End PBXShellScriptBuildPhase section */

/* Begin PBXSourcesBuildPhase section */
		6B3631B229C4539000C8B4A5 /* Sources */ = {
			isa = PBXSourcesBuildPhase;
			buildActionMask = 2147483647;
			files = (
				6B3631DD29C4552600C8B4A5 /* URLRequest+Extension.swift in Sources */,
				6B3631D329C454B800C8B4A5 /* Article.swift in Sources */,
				6B3631BA29C4539000C8B4A5 /* AppDelegate.swift in Sources */,
				6B3631E029C4565B00C8B4A5 /* ArticleViewModel.swift in Sources */,
				6B3631BC29C4539000C8B4A5 /* SceneDelegate.swift in Sources */,
				6B3631E329C4579D00C8B4A5 /* ArticleTableViewCell.swift in Sources */,
				6B3631D029C4542400C8B4A5 /* NewsTableViewController.swift in Sources */,
			);
			runOnlyForDeploymentPostprocessing = 0;
		};
/* End PBXSourcesBuildPhase section */

/* Begin PBXVariantGroup section */
		6B3631BF29C4539000C8B4A5 /* Main.storyboard */ = {
			isa = PBXVariantGroup;
			children = (
				6B3631C029C4539000C8B4A5 /* Base */,
			);
			name = Main.storyboard;
			sourceTree = "<group>";
		};
		6B3631C429C4539100C8B4A5 /* LaunchScreen.storyboard */ = {
			isa = PBXVariantGroup;
			children = (
				6B3631C529C4539100C8B4A5 /* Base */,
			);
			name = LaunchScreen.storyboard;
			sourceTree = "<group>";
		};
/* End PBXVariantGroup section */

/* Begin XCBuildConfiguration section */
		6B3631C829C4539100C8B4A5 /* Debug */ = {
			isa = XCBuildConfiguration;
			buildSettings = {
				ALWAYS_SEARCH_USER_PATHS = NO;
				CLANG_ANALYZER_NONNULL = YES;
				CLANG_ANALYZER_NUMBER_OBJECT_CONVERSION = YES_AGGRESSIVE;
				CLANG_CXX_LANGUAGE_STANDARD = "gnu++20";
				CLANG_ENABLE_MODULES = YES;
				CLANG_ENABLE_OBJC_ARC = YES;
				CLANG_ENABLE_OBJC_WEAK = YES;
				CLANG_WARN_BLOCK_CAPTURE_AUTORELEASING = YES;
				CLANG_WARN_BOOL_CONVERSION = YES;
				CLANG_WARN_COMMA = YES;
				CLANG_WARN_CONSTANT_CONVERSION = YES;
				CLANG_WARN_DEPRECATED_OBJC_IMPLEMENTATIONS = YES;
				CLANG_WARN_DIRECT_OBJC_ISA_USAGE = YES_ERROR;
				CLANG_WARN_DOCUMENTATION_COMMENTS = YES;
				CLANG_WARN_EMPTY_BODY = YES;
				CLANG_WARN_ENUM_CONVERSION = YES;
				CLANG_WARN_INFINITE_RECURSION = YES;
				CLANG_WARN_INT_CONVERSION = YES;
				CLANG_WARN_NON_LITERAL_NULL_CONVERSION = YES;
				CLANG_WARN_OBJC_IMPLICIT_RETAIN_SELF = YES;
				CLANG_WARN_OBJC_LITERAL_CONVERSION = YES;
				CLANG_WARN_OBJC_ROOT_CLASS = YES_ERROR;
				CLANG_WARN_QUOTED_INCLUDE_IN_FRAMEWORK_HEADER = YES;
				CLANG_WARN_RANGE_LOOP_ANALYSIS = YES;
				CLANG_WARN_STRICT_PROTOTYPES = YES;
				CLANG_WARN_SUSPICIOUS_MOVE = YES;
				CLANG_WARN_UNGUARDED_AVAILABILITY = YES_AGGRESSIVE;
				CLANG_WARN_UNREACHABLE_CODE = YES;
				CLANG_WARN__DUPLICATE_METHOD_MATCH = YES;
				COPY_PHASE_STRIP = NO;
				DEBUG_INFORMATION_FORMAT = dwarf;
				ENABLE_STRICT_OBJC_MSGSEND = YES;
				ENABLE_TESTABILITY = YES;
				GCC_C_LANGUAGE_STANDARD = gnu11;
				GCC_DYNAMIC_NO_PIC = NO;
				GCC_NO_COMMON_BLOCKS = YES;
				GCC_OPTIMIZATION_LEVEL = 0;
				GCC_PREPROCESSOR_DEFINITIONS = (
					"DEBUG=1",
					"$(inherited)",
				);
				GCC_WARN_64_TO_32_BIT_CONVERSION = YES;
				GCC_WARN_ABOUT_RETURN_TYPE = YES_ERROR;
				GCC_WARN_UNDECLARED_SELECTOR = YES;
				GCC_WARN_UNINITIALIZED_AUTOS = YES_AGGRESSIVE;
				GCC_WARN_UNUSED_FUNCTION = YES;
				GCC_WARN_UNUSED_VARIABLE = YES;
				IPHONEOS_DEPLOYMENT_TARGET = 16.2;
				MTL_ENABLE_DEBUG_INFO = INCLUDE_SOURCE;
				MTL_FAST_MATH = YES;
				ONLY_ACTIVE_ARCH = YES;
				SDKROOT = iphoneos;
				SWIFT_ACTIVE_COMPILATION_CONDITIONS = DEBUG;
				SWIFT_OPTIMIZATION_LEVEL = "-Onone";
			};
			name = Debug;
		};
		6B3631C929C4539100C8B4A5 /* Release */ = {
			isa = XCBuildConfiguration;
			buildSettings = {
				ALWAYS_SEARCH_USER_PATHS = NO;
				CLANG_ANALYZER_NONNULL = YES;
				CLANG_ANALYZER_NUMBER_OBJECT_CONVERSION = YES_AGGRESSIVE;
				CLANG_CXX_LANGUAGE_STANDARD = "gnu++20";
				CLANG_ENABLE_MODULES = YES;
				CLANG_ENABLE_OBJC_ARC = YES;
				CLANG_ENABLE_OBJC_WEAK = YES;
				CLANG_WARN_BLOCK_CAPTURE_AUTORELEASING = YES;
				CLANG_WARN_BOOL_CONVERSION = YES;
				CLANG_WARN_COMMA = YES;
				CLANG_WARN_CONSTANT_CONVERSION = YES;
				CLANG_WARN_DEPRECATED_OBJC_IMPLEMENTATIONS = YES;
				CLANG_WARN_DIRECT_OBJC_ISA_USAGE = YES_ERROR;
				CLANG_WARN_DOCUMENTATION_COMMENTS = YES;
				CLANG_WARN_EMPTY_BODY = YES;
				CLANG_WARN_ENUM_CONVERSION = YES;
				CLANG_WARN_INFINITE_RECURSION = YES;
				CLANG_WARN_INT_CONVERSION = YES;
				CLANG_WARN_NON_LITERAL_NULL_CONVERSION = YES;
				CLANG_WARN_OBJC_IMPLICIT_RETAIN_SELF = YES;
				CLANG_WARN_OBJC_LITERAL_CONVERSION = YES;
				CLANG_WARN_OBJC_ROOT_CLASS = YES_ERROR;
				CLANG_WARN_QUOTED_INCLUDE_IN_FRAMEWORK_HEADER = YES;
				CLANG_WARN_RANGE_LOOP_ANALYSIS = YES;
				CLANG_WARN_STRICT_PROTOTYPES = YES;
				CLANG_WARN_SUSPICIOUS_MOVE = YES;
				CLANG_WARN_UNGUARDED_AVAILABILITY = YES_AGGRESSIVE;
				CLANG_WARN_UNREACHABLE_CODE = YES;
				CLANG_WARN__DUPLICATE_METHOD_MATCH = YES;
				COPY_PHASE_STRIP = NO;
				DEBUG_INFORMATION_FORMAT = "dwarf-with-dsym";
				ENABLE_NS_ASSERTIONS = NO;
				ENABLE_STRICT_OBJC_MSGSEND = YES;
				GCC_C_LANGUAGE_STANDARD = gnu11;
				GCC_NO_COMMON_BLOCKS = YES;
				GCC_WARN_64_TO_32_BIT_CONVERSION = YES;
				GCC_WARN_ABOUT_RETURN_TYPE = YES_ERROR;
				GCC_WARN_UNDECLARED_SELECTOR = YES;
				GCC_WARN_UNINITIALIZED_AUTOS = YES_AGGRESSIVE;
				GCC_WARN_UNUSED_FUNCTION = YES;
				GCC_WARN_UNUSED_VARIABLE = YES;
				IPHONEOS_DEPLOYMENT_TARGET = 16.2;
				MTL_ENABLE_DEBUG_INFO = NO;
				MTL_FAST_MATH = YES;
				SDKROOT = iphoneos;
				SWIFT_COMPILATION_MODE = wholemodule;
				SWIFT_OPTIMIZATION_LEVEL = "-O";
				VALIDATE_PRODUCT = YES;
			};
			name = Release;
		};
		6B3631CB29C4539100C8B4A5 /* Debug */ = {
			isa = XCBuildConfiguration;
			buildSettings = {
				ASSETCATALOG_COMPILER_APPICON_NAME = AppIcon;
				ASSETCATALOG_COMPILER_GLOBAL_ACCENT_COLOR_NAME = AccentColor;
				CODE_SIGN_STYLE = Automatic;
				CURRENT_PROJECT_VERSION = 1;
				DEVELOPMENT_TEAM = HB4FTR388G;
				GENERATE_INFOPLIST_FILE = YES;
				INFOPLIST_FILE = "QuickNews-Storyboard-MVVM/Info.plist";
				INFOPLIST_KEY_UIApplicationSupportsIndirectInputEvents = YES;
				INFOPLIST_KEY_UILaunchStoryboardName = LaunchScreen;
				INFOPLIST_KEY_UIMainStoryboardFile = Main;
				INFOPLIST_KEY_UIStatusBarStyle = UIStatusBarStyleLightContent;
				INFOPLIST_KEY_UISupportedInterfaceOrientations_iPad = "UIInterfaceOrientationPortrait UIInterfaceOrientationPortraitUpsideDown UIInterfaceOrientationLandscapeLeft UIInterfaceOrientationLandscapeRight";
				INFOPLIST_KEY_UISupportedInterfaceOrientations_iPhone = "UIInterfaceOrientationPortrait UIInterfaceOrientationLandscapeLeft UIInterfaceOrientationLandscapeRight";
				LD_RUNPATH_SEARCH_PATHS = (
					"$(inherited)",
					"@executable_path/Frameworks",
				);
				MARKETING_VERSION = 1.0;
				PRODUCT_BUNDLE_IDENTIFIER = "com.chatdep.example.QuickNews-Storyboard-MVVM";
				PRODUCT_NAME = "$(TARGET_NAME)";
				SWIFT_EMIT_LOC_STRINGS = YES;
				SWIFT_VERSION = 5.0;
				TARGETED_DEVICE_FAMILY = "1,2";
			};
			name = Debug;
		};
		6B3631CC29C4539100C8B4A5 /* Release */ = {
			isa = XCBuildConfiguration;
			buildSettings = {
				ASSETCATALOG_COMPILER_APPICON_NAME = AppIcon;
				ASSETCATALOG_COMPILER_GLOBAL_ACCENT_COLOR_NAME = AccentColor;
				CODE_SIGN_STYLE = Automatic;
				CURRENT_PROJECT_VERSION = 1;
				DEVELOPMENT_TEAM = HB4FTR388G;
				GENERATE_INFOPLIST_FILE = YES;
				INFOPLIST_FILE = "QuickNews-Storyboard-MVVM/Info.plist";
				INFOPLIST_KEY_UIApplicationSupportsIndirectInputEvents = YES;
				INFOPLIST_KEY_UILaunchStoryboardName = LaunchScreen;
				INFOPLIST_KEY_UIMainStoryboardFile = Main;
				INFOPLIST_KEY_UIStatusBarStyle = UIStatusBarStyleLightContent;
				INFOPLIST_KEY_UISupportedInterfaceOrientations_iPad = "UIInterfaceOrientationPortrait UIInterfaceOrientationPortraitUpsideDown UIInterfaceOrientationLandscapeLeft UIInterfaceOrientationLandscapeRight";
				INFOPLIST_KEY_UISupportedInterfaceOrientations_iPhone = "UIInterfaceOrientationPortrait UIInterfaceOrientationLandscapeLeft UIInterfaceOrientationLandscapeRight";
				LD_RUNPATH_SEARCH_PATHS = (
					"$(inherited)",
					"@executable_path/Frameworks",
				);
				MARKETING_VERSION = 1.0;
				PRODUCT_BUNDLE_IDENTIFIER = "com.chatdep.example.QuickNews-Storyboard-MVVM";
				PRODUCT_NAME = "$(TARGET_NAME)";
				SWIFT_EMIT_LOC_STRINGS = YES;
				SWIFT_VERSION = 5.0;
				TARGETED_DEVICE_FAMILY = "1,2";
			};
			name = Release;
		};
/* End XCBuildConfiguration section */

/* Begin XCConfigurationList section */
		6B3631B129C4539000C8B4A5 /* Build configuration list for PBXProject "QuickNews-Storyboard-MVVM" */ = {
			isa = XCConfigurationList;
			buildConfigurations = (
				6B3631C829C4539100C8B4A5 /* Debug */,
				6B3631C929C4539100C8B4A5 /* Release */,
			);
			defaultConfigurationIsVisible = 0;
			defaultConfigurationName = Release;
		};
		6B3631CA29C4539100C8B4A5 /* Build configuration list for PBXNativeTarget "QuickNews-Storyboard-MVVM" */ = {
			isa = XCConfigurationList;
			buildConfigurations = (
				6B3631CB29C4539100C8B4A5 /* Debug */,
				6B3631CC29C4539100C8B4A5 /* Release */,
			);
			defaultConfigurationIsVisible = 0;
			defaultConfigurationName = Release;
		};
/* End XCConfigurationList section */

/* Begin XCRemoteSwiftPackageReference section */
		6B3631D429C454FF00C8B4A5 /* XCRemoteSwiftPackageReference "RxSwift" */ = {
			isa = XCRemoteSwiftPackageReference;
			repositoryURL = "https://github.com/ReactiveX/RxSwift";
			requirement = {
				kind = exactVersion;
				version = 6.5.0;
			};
		};
/* End XCRemoteSwiftPackageReference section */

/* Begin XCSwiftPackageProductDependency section */
		6B3631D529C454FF00C8B4A5 /* RxCocoa */ = {
			isa = XCSwiftPackageProductDependency;
			package = 6B3631D429C454FF00C8B4A5 /* XCRemoteSwiftPackageReference "RxSwift" */;
			productName = RxCocoa;
		};
		6B3631D729C454FF00C8B4A5 /* RxRelay */ = {
			isa = XCSwiftPackageProductDependency;
			package = 6B3631D429C454FF00C8B4A5 /* XCRemoteSwiftPackageReference "RxSwift" */;
			productName = RxRelay;
		};
		6B3631D929C454FF00C8B4A5 /* RxSwift */ = {
			isa = XCSwiftPackageProductDependency;
			package = 6B3631D429C454FF00C8B4A5 /* XCRemoteSwiftPackageReference "RxSwift" */;
			productName = RxSwift;
		};
/* End XCSwiftPackageProductDependency section */
	};
	rootObject = 6B3631AE29C4539000C8B4A5 /* Project object */;
}
